
Microsoft Visual Studio Solution File, Format Version 12.00
# Visual Studio 15
VisualStudioVersion = 15.0.28307.102
MinimumVisualStudioVersion = 10.0.40219.1
Project("{9A19103F-16F7-4668-BE54-9A1E7A4F7556}") = "Server", "ClientGenSample\Server.csproj", "{72930A62-6825-4C2C-9510-B3D55F7B8DBE}"
EndProject
Project("{FAE04EC0-301F-11D3-BF4B-00C04F79EFBC}") = "WebClientCsharp", "WebClientCsharp\WebClientCsharp.csproj", "{C59729B4-2F7C-47CF-91BB-45BADF3AB9EB}"
EndProject
Project("{FAE04EC0-301F-11D3-BF4B-00C04F79EFBC}") = "ConsoleClient", "ConsoleClient\ConsoleClient.csproj", "{0DBE9F2E-5929-47F8-9B23-926DC94AD9D2}"
EndProject
Project("{FAE04EC0-301F-11D3-BF4B-00C04F79EFBC}") = "ConsoleApp2", "ConsoleApp2\ConsoleApp2.csproj", "{996D27E0-0AD5-4236-BB7C-2FC8ECC3212B}"
EndProject
Global
	GlobalSection(SolutionConfigurationPlatforms) = preSolution
		Debug|Any CPU = Debug|Any CPU
		Release|Any CPU = Release|Any CPU
	EndGlobalSection
	GlobalSection(ProjectConfigurationPlatforms) = postSolution
		{72930A62-6825-4C2C-9510-B3D55F7B8DBE}.Debug|Any CPU.ActiveCfg = Debug|Any CPU
		{72930A62-6825-4C2C-9510-B3D55F7B8DBE}.Debug|Any CPU.Build.0 = Debug|Any CPU
		{72930A62-6825-4C2C-9510-B3D55F7B8DBE}.Release|Any CPU.ActiveCfg = Release|Any CPU
		{72930A62-6825-4C2C-9510-B3D55F7B8DBE}.Release|Any CPU.Build.0 = Release|Any CPU
		{C59729B4-2F7C-47CF-91BB-45BADF3AB9EB}.Debug|Any CPU.ActiveCfg = Debug|Any CPU
		{C59729B4-2F7C-47CF-91BB-45BADF3AB9EB}.Debug|Any CPU.Build.0 = Debug|Any CPU
		{C59729B4-2F7C-47CF-91BB-45BADF3AB9EB}.Release|Any CPU.ActiveCfg = Release|Any CPU
		{C59729B4-2F7C-47CF-91BB-45BADF3AB9EB}.Release|Any CPU.Build.0 = Release|Any CPU
		{0DBE9F2E-5929-47F8-9B23-926DC94AD9D2}.Debug|Any CPU.ActiveCfg = Debug|Any CPU
		{0DBE9F2E-5929-47F8-9B23-926DC94AD9D2}.Debug|Any CPU.Build.0 = Debug|Any CPU
		{0DBE9F2E-5929-47F8-9B23-926DC94AD9D2}.Release|Any CPU.ActiveCfg = Release|Any CPU
		{0DBE9F2E-5929-47F8-9B23-926DC94AD9D2}.Release|Any CPU.Build.0 = Release|Any CPU
		{996D27E0-0AD5-4236-BB7C-2FC8ECC3212B}.Debug|Any CPU.ActiveCfg = Debug|Any CPU
		{996D27E0-0AD5-4236-BB7C-2FC8ECC3212B}.Debug|Any CPU.Build.0 = Debug|Any CPU
		{996D27E0-0AD5-4236-BB7C-2FC8ECC3212B}.Release|Any CPU.ActiveCfg = Release|Any CPU
		{996D27E0-0AD5-4236-BB7C-2FC8ECC3212B}.Release|Any CPU.Build.0 = Release|Any CPU
	EndGlobalSection
	GlobalSection(SolutionProperties) = preSolution
		HideSolutionNode = FALSE
	EndGlobalSection
	GlobalSection(ExtensibilityGlobals) = postSolution
		SolutionGuid = {7EA5ED24-2911-43C4-AAFB-FBBB06851168}
	EndGlobalSection
EndGlobal
